PODS:
  - InstalledAppReaderOSX (0.1.2)

DEPENDENCIES:
  - InstalledAppReaderOSX (from `../`)

EXTERNAL SOURCES:
  InstalledAppReaderOSX:
    :path: "../"

SPEC CHECKSUMS:
  InstalledAppReaderOSX: 3cfb087bc3fb21393a002f87c87f26e46e19e05e

PODFILE CHECKSUM: c69dea7f9bcb066a85371b6d2292c38bb71cf57f

COCOAPODS: 1.1.1
